
Microsoft Visual Studio Solution File, Format Version 12.00
Project("{FAE04EC0-301F-11D3-BF4B-00C04F79EFBC}") = "TrafficAsAService", "TrafficAsAService\TrafficAsAService.csproj", "{C2951F50-218C-4BA2-B35C-B25D944B7BDF}"
EndProject
Project("{2150E333-8FDC-42A3-9474-1A3956D46DE8}") = "SolutionItems", "SolutionItems", "{A7A4BD87-12B6-453B-A35C-F6EC8EE77758}"
ProjectSection(SolutionItems) = preProject
	.editorconfig = .editorconfig
	.gitignore = .gitignore
EndProjectSection
EndProject
Global
	GlobalSection(SolutionConfigurationPlatforms) = preSolution
		Debug|Any CPU = Debug|Any CPU
		Release|Any CPU = Release|Any CPU
	EndGlobalSection
	GlobalSection(ProjectConfigurationPlatforms) = postSolution
		{C2951F50-218C-4BA2-B35C-B25D944B7BDF}.Debug|Any CPU.ActiveCfg = Debug|Any CPU
		{C2951F50-218C-4BA2-B35C-B25D944B7BDF}.Debug|Any CPU.Build.0 = Debug|Any CPU
		{C2951F50-218C-4BA2-B35C-B25D944B7BDF}.Release|Any CPU.ActiveCfg = Release|Any CPU
		{C2951F50-218C-4BA2-B35C-B25D944B7BDF}.Release|Any CPU.Build.0 = Release|Any CPU
	EndGlobalSection
EndGlobal
